
Microsoft Visual Studio Solution File, Format Version 12.00
# Visual Studio 15
VisualStudioVersion = 15.0.28307.329
MinimumVisualStudioVersion = 10.0.40219.1
Project("{FAE04EC0-301F-11D3-BF4B-00C04F79EFBC}") = "ExercicioOrder", "ExercicioOrder\ExercicioOrder.csproj", "{C7ECD1E4-6256-4720-B42E-5D9D847808BE}"
EndProject
Global
	GlobalSection(SolutionConfigurationPlatforms) = preSolution
		Debug|Any CPU = Debug|Any CPU
		Release|Any CPU = Release|Any CPU
	EndGlobalSection
	GlobalSection(ProjectConfigurationPlatforms) = postSolution
		{C7ECD1E4-6256-4720-B42E-5D9D847808BE}.Debug|Any CPU.ActiveCfg = Debug|Any CPU
		{C7ECD1E4-6256-4720-B42E-5D9D847808BE}.Debug|Any CPU.Build.0 = Debug|Any CPU
		{C7ECD1E4-6256-4720-B42E-5D9D847808BE}.Release|Any CPU.ActiveCfg = Release|Any CPU
		{C7ECD1E4-6256-4720-B42E-5D9D847808BE}.Release|Any CPU.Build.0 = Release|Any CPU
	EndGlobalSection
	GlobalSection(SolutionProperties) = preSolution
		HideSolutionNode = FALSE
	EndGlobalSection
	GlobalSection(ExtensibilityGlobals) = postSolution
		SolutionGuid = {A81A6975-4593-4554-BF60-9D89163B1EDF}
	EndGlobalSection
EndGlobal
